PODS:
  - Alamofire (4.9.1)
  - Analytics (3.6.10)
  - AppAuth (1.4.0):
    - AppAuth/Core (= 1.4.0)
    - AppAuth/ExternalUserAgent (= 1.4.0)
  - AppAuth/Core (1.4.0)
  - AppAuth/ExternalUserAgent (1.4.0)
  - Bugsnag (5.23.1)
  - CropViewController (2.5.2)
  - CRToast (0.0.9)
  - DeviceKit (1.13.0)
  - FacebookCore (0.9.0):
    - FBSDKCoreKit (~> 5.0)
  - FacebookLogin (0.9.0):
    - FacebookCore (~> 0.9.0)
    - FBSDKCoreKit (~> 5.0)
    - FBSDKLoginKit (~> 5.0)
  - FBSDKCoreKit (5.15.1):
    - FBSDKCoreKit/Basics (= 5.15.1)
    - FBSDKCoreKit/Core (= 5.15.1)
  - FBSDKCoreKit/Basics (5.15.1)
  - FBSDKCoreKit/Core (5.15.1):
    - FBSDKCoreKit/Basics
  - FBSDKLoginKit (5.15.1):
    - FBSDKLoginKit/Login (= 5.15.1)
  - FBSDKLoginKit/Login (5.15.1):
    - FBSDKCoreKit (~> 5.0)
  - FSCalendar (2.8.1)
  - GoogleSignIn (5.0.2):
    - AppAuth (~> 1.2)
    - GTMAppAuth (~> 1.0)
    - GTMSessionFetcher/Core (~> 1.1)
  - GoogleWebRTC (1.1.25651)
  - GTMAppAuth (1.0.0):
    - AppAuth/Core (~> 1.0)
    - GTMSessionFetcher (~> 1.1)
  - GTMSessionFetcher (1.4.0):
    - GTMSessionFetcher/Full (= 1.4.0)
  - GTMSessionFetcher/Core (1.4.0)
  - GTMSessionFetcher/Full (1.4.0):
    - GTMSessionFetcher/Core (= 1.4.0)
  - HCSStarRatingView (1.5)
  - ImageLoader (0.15.0)
  - InputMask (6.0.0)
  - libyuv-iOS (1.0.2)
  - NVActivityIndicatorView (4.8.0):
    - NVActivityIndicatorView/Presenter (= 4.8.0)
  - NVActivityIndicatorView/Presenter (4.8.0)
  - SAConfettiView (0.1.8)
  - SDWebImage (5.7.2):
    - SDWebImage/Core (= 5.7.2)
  - SDWebImage/Core (5.7.2)
  - Socket.IO-Client-Swift (15.2.0):
    - Starscream (~> 3.1)
  - Starscream (3.1.1)
  - SwiftyJSON (5.0.0)
  - Toast-Swift (5.0.1)
  - TwilioVideo (4.0.0)
  - YLProgressBar (3.11.0)
  - YoutubePlayer-in-WKWebView (0.3.4)

DEPENDENCIES:
  - Alamofire (~> 4.0)
  - Analytics (= 3.6.10)
  - Bugsnag
  - CropViewController
  - CRToast
  - DeviceKit
  - FacebookCore
  - FacebookLogin
  - FSCalendar
  - GoogleSignIn
  - GoogleWebRTC (= 1.1.25651)
  - HCSStarRatingView (~> 1.5)
  - ImageLoader
  - InputMask
  - libyuv-iOS
  - NVActivityIndicatorView
  - SAConfettiView
  - SDWebImage
  - Socket.IO-Client-Swift
  - Starscream
  - SwiftyJSON
  - Toast-Swift
  - TwilioVideo (~> 4.0)
  - YLProgressBar (~> 3.11.0)
  - YoutubePlayer-in-WKWebView

SPEC REPOS:
  trunk:
    - Alamofire
    - Analytics
    - AppAuth
    - Bugsnag
    - CropViewController
    - CRToast
    - DeviceKit
    - FacebookCore
    - FacebookLogin
    - FBSDKCoreKit
    - FBSDKLoginKit
    - FSCalendar
    - GoogleSignIn
    - GoogleWebRTC
    - GTMAppAuth
    - GTMSessionFetcher
    - HCSStarRatingView
    - ImageLoader
    - InputMask
    - libyuv-iOS
    - NVActivityIndicatorView
    - SAConfettiView
    - SDWebImage
    - Socket.IO-Client-Swift
    - Starscream
    - SwiftyJSON
    - Toast-Swift
    - TwilioVideo
    - YLProgressBar
    - YoutubePlayer-in-WKWebView

SPEC CHECKSUMS:
  Alamofire: 85e8a02c69d6020a0d734f6054870d7ecb75cf18
  Analytics: 63744ad4afa65c3bcdcdb7a94b62515bde5b3900
  AppAuth: 31bcec809a638d7bd2f86ea8a52bd45f6e81e7c7
  Bugsnag: caa15cf2a5d9278f04e1dda70c0cc6d42d3c9625
  CropViewController: 1aac40093c5739e60d992b04724a55d12a689a4c
  CRToast: 5a78c22b921c5ed3487488af605bc403a9c92fed
  DeviceKit: 5a4accdb2918ce0b69e62dc3bef6e4d2cc06e2e4
  FacebookCore: ba86524b66cfa86d0f8e65d08faa8504a9f732dd
  FacebookLogin: 6cee9fd6e1fe976fe8f7eec199e27b28b14f5d63
  FBSDKCoreKit: 1d5acf7c9d7a2f92bb1a242dc60cae5b7adb91df
  FBSDKLoginKit: f1ea8026a58b52d30c9f2e6a58ca7d813619fb83
  FSCalendar: 5245140456fcbcac5824c203b98bd8068bdfee1a
  GoogleSignIn: 7137d297ddc022a7e0aa4619c86d72c909fa7213
  GoogleWebRTC: ba7b063ececfa10584748ef09acadb888daf06bb
  GTMAppAuth: 4deac854479704f348309e7b66189e604cf5e01e
  GTMSessionFetcher: 6f5c8abbab8a9bce4bb3f057e317728ec6182b10
  HCSStarRatingView: 1d18f79654735514cd6f00e6d90e38cb6320dc31
  ImageLoader: e0635d52020d64dc7687e3a3b14dc53212ac0442
  InputMask: f340bdc905a4c4f377e44d865f129f752ac2383d
  libyuv-iOS: 5a154ccc84ec754029886ecb607512731fe30640
  NVActivityIndicatorView: d24b7ebcf80af5dcd994adb650e2b6c93379270f
  SAConfettiView: c87031a2280659261b730fce3669fb10e73636ee
  SDWebImage: d9ea4959d99c52276dfada481987018fcaea3d58
  Socket.IO-Client-Swift: 1e3e3a1f09f3312a167f0d781eb2f383d477357c
  Starscream: 4bb2f9942274833f7b4d296a55504dcfc7edb7b0
  SwiftyJSON: 36413e04c44ee145039d332b4f4e2d3e8d6c4db7
  Toast-Swift: 9b6a70f28b3bf0b96c40d46c0c4b9d6639846711
  TwilioVideo: 8c04f14202e4230fb71056c44e64af21cbcc3293
  YLProgressBar: 0c0796a6e9b5e5d5040d15c8911e802b67ccb939
  YoutubePlayer-in-WKWebView: af2f5929fc78882d94bfdfeea999b661b78d9717

PODFILE CHECKSUM: c645d78e470f739628b2847f0fbab282f2500a19

COCOAPODS: 1.9.3
