PODS:
  - Alamofire (4.8.2)
  - Analytics (3.6.10)
  - CropViewController (2.4.0)
  - DeviceKit (1.13.0)
  - FacebookCore (0.7.0):
    - FBSDKCoreKit (~> 5.0)
  - FacebookLogin (0.7.0):
    - FacebookCore (~> 0.7)
    - FBSDKCoreKit (~> 5.0)
    - FBSDKLoginKit (~> 5.0)
  - FBSDKCoreKit (5.0.0):
    - FBSDKCoreKit/Basics (= 5.0.0)
    - FBSDKCoreKit/Core (= 5.0.0)
  - FBSDKCoreKit/Basics (5.0.0)
  - FBSDKCoreKit/Core (5.0.0):
    - FBSDKCoreKit/Basics
  - FBSDKLoginKit (5.0.0):
    - FBSDKCoreKit (= 5.0.0)
  - GoogleWebRTC (1.1.25651)
  - HCSStarRatingView (1.5)
  - ImageLoader (0.15.0)
  - InputMask (4.1.1)
  - JTAppleCalendar (7.1.7)
  - NVActivityIndicatorView (4.7.0):
    - NVActivityIndicatorView/Presenter (= 4.7.0)
  - NVActivityIndicatorView/Presenter (4.7.0)
  - SAConfettiView (0.1.8)
  - SDWebImage (5.0.2):
    - SDWebImage/Core (= 5.0.2)
  - SDWebImage/Core (5.0.2)
  - Socket.IO-Client-Swift (14.0.0):
    - Starscream (~> 3.0.6)
  - Starscream (3.0.6)
  - SwiftyJSON (4.2.0)
  - YLProgressBar (3.11.0)

DEPENDENCIES:
  - Alamofire (~> 4.0)
  - Analytics (= 3.6.10)
  - CropViewController (~> 2.4.0)
  - DeviceKit (~> 1.3)
  - FacebookCore
  - FacebookLogin
  - GoogleWebRTC (= 1.1.25651)
  - HCSStarRatingView (~> 1.5)
  - ImageLoader
  - InputMask
  - JTAppleCalendar
  - NVActivityIndicatorView
  - SAConfettiView
  - SDWebImage
  - Socket.IO-Client-Swift (~> 14.0.0)
  - Starscream (~> 3.0)
  - SwiftyJSON (~> 4.2.0)
  - YLProgressBar (~> 3.11.0)

SPEC REPOS:
  https://github.com/cocoapods/specs.git:
    - Alamofire
    - Analytics
    - CropViewController
    - DeviceKit
    - FacebookCore
    - FacebookLogin
    - FBSDKCoreKit
    - FBSDKLoginKit
    - GoogleWebRTC
    - HCSStarRatingView
    - ImageLoader
    - InputMask
    - JTAppleCalendar
    - NVActivityIndicatorView
    - SAConfettiView
    - SDWebImage
    - Socket.IO-Client-Swift
    - Starscream
    - SwiftyJSON
    - YLProgressBar

SPEC CHECKSUMS:
  Alamofire: ae5c501addb7afdbb13687d7f2f722c78734c2d3
  Analytics: 63744ad4afa65c3bcdcdb7a94b62515bde5b3900
  CropViewController: a090820b15fc3da68e694d7c192a4708c576828b
  DeviceKit: 5a4accdb2918ce0b69e62dc3bef6e4d2cc06e2e4
  FacebookCore: 4eee98476cb37a485af5d337eb21f8cd5b3c7e6c
  FacebookLogin: 94cdad6850e86a2b04704dedfe7674a7af8148eb
  FBSDKCoreKit: ba361d4a9d4dc29ff218822b849b22d4f869c7bb
  FBSDKLoginKit: c6d0dc187bd076e370dffa10f7fc8a3562a6892c
  GoogleWebRTC: ba7b063ececfa10584748ef09acadb888daf06bb
  HCSStarRatingView: 1d18f79654735514cd6f00e6d90e38cb6320dc31
  ImageLoader: e0635d52020d64dc7687e3a3b14dc53212ac0442
  InputMask: 88c7c1432816333e884e647f8c2d69485ba525d1
  JTAppleCalendar: 96da4d8388fa6dc82d6a60d41ef36a015e167e2f
  NVActivityIndicatorView: b19ddab2576f805cbe0fb2306cba3476e09a1dea
  SAConfettiView: c87031a2280659261b730fce3669fb10e73636ee
  SDWebImage: 6764b5fa0f73c203728052955dbefa2bf1f33282
  Socket.IO-Client-Swift: 21e6a8a23a7d367d5ddfab6cbbd3c679cf3c25d6
  Starscream: ef3ece99d765eeccb67de105bfa143f929026cf5
  SwiftyJSON: c4bcba26dd9ec7a027fc8eade48e2c911f229e96
  YLProgressBar: 0c0796a6e9b5e5d5040d15c8911e802b67ccb939

PODFILE CHECKSUM: e242b694edbbef812a5bfd7e708da9895b9ee223

COCOAPODS: 1.6.1
