PODS:
  - GoogleWebRTC (1.1.24168)
  - JTAppleCalendar (7.1.5)

DEPENDENCIES:
  - GoogleWebRTC
  - JTAppleCalendar (~> 7.1.5)

SPEC REPOS:
  https://github.com/cocoapods/specs.git:
    - GoogleWebRTC
    - JTAppleCalendar

SPEC CHECKSUMS:
  GoogleWebRTC: ef935a1697f577bef4a3dbf9b5af50e894e94cc3
  JTAppleCalendar: 2d4f974f9f3c8b4964d51ca1f6e004883c031fbe

PODFILE CHECKSUM: 9ae9d3460e0faf9ea188aeda28b1c7e228645359

COCOAPODS: 1.5.3
