// !$*UTF8*$!
{
	archiveVersion = 1;
	classes = {
	};
	objectVersion = 48;
	objects = {

/* Begin PBXBuildFile section */
		FA3AF0FB20442FEF0084B154 /* FieldManagingScrollView.swift in Sources */ = {isa = PBXBuildFile; fileRef = FA3AF0FA20442FEF0084B154 /* FieldManagingScrollView.swift */; };
		FA3AF0FD204431810084B154 /* ExtendedScrollView.swift in Sources */ = {isa = PBXBuildFile; fileRef = FA3AF0FC204431810084B154 /* ExtendedScrollView.swift */; };
		FA3AF1012044334F0084B154 /* FieldManagingScrollViewInterface.swift in Sources */ = {isa = PBXBuildFile; fileRef = FA3AF1002044334F0084B154 /* FieldManagingScrollViewInterface.swift */; };
		FA3AF1032044376C0084B154 /* SigninRootView.swift in Sources */ = {isa = PBXBuildFile; fileRef = FA3AF1022044376C0084B154 /* SigninRootView.swift */; };
		FA3AF105204437B20084B154 /* SigninFieldView.swift in Sources */ = {isa = PBXBuildFile; fileRef = FA3AF104204437B20084B154 /* SigninFieldView.swift */; };
		FA58193E2041647900D088F1 /* FacebookCore.framework in Frameworks */ = {isa = PBXBuildFile; fileRef = FA58193A2041647800D088F1 /* FacebookCore.framework */; };
		FA58193F2041647900D088F1 /* FacebookLogin.framework in Frameworks */ = {isa = PBXBuildFile; fileRef = FA58193B2041647900D088F1 /* FacebookLogin.framework */; };
		FA5819402041647900D088F1 /* FBSDKCoreKit.framework in Frameworks */ = {isa = PBXBuildFile; fileRef = FA58193C2041647900D088F1 /* FBSDKCoreKit.framework */; };
		FA5819412041647900D088F1 /* FBSDKLoginKit.framework in Frameworks */ = {isa = PBXBuildFile; fileRef = FA58193D2041647900D088F1 /* FBSDKLoginKit.framework */; };
		FA581943204164BE00D088F1 /* Bolts.framework in Frameworks */ = {isa = PBXBuildFile; fileRef = FA581942204164BE00D088F1 /* Bolts.framework */; };
		FA581945204165CA00D088F1 /* SigninController.swift in Sources */ = {isa = PBXBuildFile; fileRef = FA581944204165CA00D088F1 /* SigninController.swift */; };
		FA581947204173E600D088F1 /* NavigationBarCustomizer.swift in Sources */ = {isa = PBXBuildFile; fileRef = FA581946204173E600D088F1 /* NavigationBarCustomizer.swift */; };
		FA8CE77D2040515000AB52BD /* signin.storyboard in Resources */ = {isa = PBXBuildFile; fileRef = FA8CE77C2040515000AB52BD /* signin.storyboard */; };
		FA912D9A20417DD9002891EC /* icon.xcassets in Resources */ = {isa = PBXBuildFile; fileRef = FA912D9920417DD9002891EC /* icon.xcassets */; };
		FA912D9E20418DFF002891EC /* SigninButtonContainer.swift in Sources */ = {isa = PBXBuildFile; fileRef = FA912D9D20418DFF002891EC /* SigninButtonContainer.swift */; };
		FA912DA0204196CF002891EC /* InterfaceExtendedController.swift in Sources */ = {isa = PBXBuildFile; fileRef = FA912D9F204196CE002891EC /* InterfaceExtendedController.swift */; };
		FAA0016A203ED1E6003C8A74 /* RootControllerManager.swift in Sources */ = {isa = PBXBuildFile; fileRef = FAA00169203ED1E6003C8A74 /* RootControllerManager.swift */; };
		FAA0016D203ED2A7003C8A74 /* launch_container.storyboard in Resources */ = {isa = PBXBuildFile; fileRef = FAA0016C203ED2A7003C8A74 /* launch_container.storyboard */; };
		FAA00170203ED3F1003C8A74 /* LaunchDelayController.swift in Sources */ = {isa = PBXBuildFile; fileRef = FAA0016F203ED3F1003C8A74 /* LaunchDelayController.swift */; };
		FAA00199203ED472003C8A74 /* DateStringFormatter.swift in Sources */ = {isa = PBXBuildFile; fileRef = FAA00177203ED471003C8A74 /* DateStringFormatter.swift */; };
		FAA0019A203ED472003C8A74 /* DateParser.swift in Sources */ = {isa = PBXBuildFile; fileRef = FAA00178203ED471003C8A74 /* DateParser.swift */; };
		FAA0019B203ED472003C8A74 /* EventTimer.swift in Sources */ = {isa = PBXBuildFile; fileRef = FAA00179203ED471003C8A74 /* EventTimer.swift */; };
		FAA0019C203ED472003C8A74 /* AlertViewController.swift in Sources */ = {isa = PBXBuildFile; fileRef = FAA0017B203ED471003C8A74 /* AlertViewController.swift */; };
		FAA0019D203ED472003C8A74 /* Array.swift in Sources */ = {isa = PBXBuildFile; fileRef = FAA0017C203ED471003C8A74 /* Array.swift */; };
		FAA0019E203ED472003C8A74 /* Date.swift in Sources */ = {isa = PBXBuildFile; fileRef = FAA0017D203ED471003C8A74 /* Date.swift */; };
		FAA0019F203ED472003C8A74 /* Dictionary.swift in Sources */ = {isa = PBXBuildFile; fileRef = FAA0017E203ED471003C8A74 /* Dictionary.swift */; };
		FAA001A0203ED472003C8A74 /* Double.swift in Sources */ = {isa = PBXBuildFile; fileRef = FAA0017F203ED471003C8A74 /* Double.swift */; };
		FAA001A1203ED472003C8A74 /* ImageRequestHelper.swift in Sources */ = {isa = PBXBuildFile; fileRef = FAA00180203ED471003C8A74 /* ImageRequestHelper.swift */; };
		FAA001A2203ED472003C8A74 /* UIColor.swift in Sources */ = {isa = PBXBuildFile; fileRef = FAA00181203ED471003C8A74 /* UIColor.swift */; };
		FAA001A3203ED472003C8A74 /* UINib.swift in Sources */ = {isa = PBXBuildFile; fileRef = FAA00182203ED471003C8A74 /* UINib.swift */; };
		FAA001A4203ED472003C8A74 /* UIView.swift in Sources */ = {isa = PBXBuildFile; fileRef = FAA00183203ED471003C8A74 /* UIView.swift */; };
		FAA001A5203ED472003C8A74 /* UIWindow.swift in Sources */ = {isa = PBXBuildFile; fileRef = FAA00184203ED471003C8A74 /* UIWindow.swift */; };
		FAA001A6203ED472003C8A74 /* FieldValidator.swift in Sources */ = {isa = PBXBuildFile; fileRef = FAA00185203ED471003C8A74 /* FieldValidator.swift */; };
		FAA001A7203ED472003C8A74 /* xib in Resources */ = {isa = PBXBuildFile; fileRef = FAA00187203ED471003C8A74 /* xib */; };
		FAA001A8203ED472003C8A74 /* Log.swift in Sources */ = {isa = PBXBuildFile; fileRef = FAA00188203ED471003C8A74 /* Log.swift */; };
		FAA001A9203ED472003C8A74 /* ServerProcessor.swift in Sources */ = {isa = PBXBuildFile; fileRef = FAA00189203ED471003C8A74 /* ServerProcessor.swift */; };
		FAA001AA203ED472003C8A74 /* CircularImageView.swift in Sources */ = {isa = PBXBuildFile; fileRef = FAA0018B203ED471003C8A74 /* CircularImageView.swift */; };
		FAA001AB203ED472003C8A74 /* ExtendedController.swift in Sources */ = {isa = PBXBuildFile; fileRef = FAA0018C203ED471003C8A74 /* ExtendedController.swift */; };
		FAA001AC203ED472003C8A74 /* ExtendedImageView.swift in Sources */ = {isa = PBXBuildFile; fileRef = FAA0018D203ED471003C8A74 /* ExtendedImageView.swift */; };
		FAA001AD203ED472003C8A74 /* ExtendedNavigationController.swift in Sources */ = {isa = PBXBuildFile; fileRef = FAA0018E203ED471003C8A74 /* ExtendedNavigationController.swift */; };
		FAA001AE203ED472003C8A74 /* ExtendedTableCell.swift in Sources */ = {isa = PBXBuildFile; fileRef = FAA0018F203ED471003C8A74 /* ExtendedTableCell.swift */; };
		FAA001AF203ED472003C8A74 /* ExtendedTextField.swift in Sources */ = {isa = PBXBuildFile; fileRef = FAA00190203ED471003C8A74 /* ExtendedTextField.swift */; };
		FAA001B0203ED472003C8A74 /* ExtendedTextView.swift in Sources */ = {isa = PBXBuildFile; fileRef = FAA00191203ED471003C8A74 /* ExtendedTextView.swift */; };
		FAA001B1203ED472003C8A74 /* ExtendedView.swift in Sources */ = {isa = PBXBuildFile; fileRef = FAA00192203ED471003C8A74 /* ExtendedView.swift */; };
		FAA001B3203ED472003C8A74 /* PlaceholderTextView.swift in Sources */ = {isa = PBXBuildFile; fileRef = FAA00194203ED471003C8A74 /* PlaceholderTextView.swift */; };
		FAA001B4203ED472003C8A74 /* UniqueUserIdentifier.swift in Sources */ = {isa = PBXBuildFile; fileRef = FAA00195203ED471003C8A74 /* UniqueUserIdentifier.swift */; };
		FAA001BA203EDFF1003C8A74 /* Alamofire.framework in Frameworks */ = {isa = PBXBuildFile; fileRef = FAA001B6203EDC13003C8A74 /* Alamofire.framework */; };
		FAA001BB203EDFF1003C8A74 /* SwiftyJSON.framework in Frameworks */ = {isa = PBXBuildFile; fileRef = FAA001B7203EDC13003C8A74 /* SwiftyJSON.framework */; };
		FAA001C0203EDFF2003C8A74 /* ImageLoader.framework in Frameworks */ = {isa = PBXBuildFile; fileRef = FAA001BC203EDFF1003C8A74 /* ImageLoader.framework */; };
		FAA001C1203EDFF2003C8A74 /* SocketIO.framework in Frameworks */ = {isa = PBXBuildFile; fileRef = FAA001BD203EDFF2003C8A74 /* SocketIO.framework */; };
		FAA001C2203EDFF2003C8A74 /* SDWebImage.framework in Frameworks */ = {isa = PBXBuildFile; fileRef = FAA001BE203EDFF2003C8A74 /* SDWebImage.framework */; };
		FAA001C3203EDFF2003C8A74 /* Starscream.framework in Frameworks */ = {isa = PBXBuildFile; fileRef = FAA001BF203EDFF2003C8A74 /* Starscream.framework */; };
		FAA001CF203EE2BC003C8A74 /* AppInfoConfig.swift in Sources */ = {isa = PBXBuildFile; fileRef = FAA001C9203EE2BC003C8A74 /* AppInfoConfig.swift */; };
		FAA001D0203EE2BC003C8A74 /* AppThemeConfig.swift in Sources */ = {isa = PBXBuildFile; fileRef = FAA001CA203EE2BC003C8A74 /* AppThemeConfig.swift */; };
		FAA001D1203EE2BC003C8A74 /* DevFlag.swift in Sources */ = {isa = PBXBuildFile; fileRef = FAA001CC203EE2BC003C8A74 /* DevFlag.swift */; };
		FAFFFE98203D9C80009B4F96 /* AppDelegate.swift in Sources */ = {isa = PBXBuildFile; fileRef = FAFFFE97203D9C80009B4F96 /* AppDelegate.swift */; };
		FAFFFE9A203D9C80009B4F96 /* ViewController.swift in Sources */ = {isa = PBXBuildFile; fileRef = FAFFFE99203D9C80009B4F96 /* ViewController.swift */; };
		FAFFFE9D203D9C80009B4F96 /* Main.storyboard in Resources */ = {isa = PBXBuildFile; fileRef = FAFFFE9B203D9C80009B4F96 /* Main.storyboard */; };
		FAFFFE9F203D9C80009B4F96 /* Assets.xcassets in Resources */ = {isa = PBXBuildFile; fileRef = FAFFFE9E203D9C80009B4F96 /* Assets.xcassets */; };
		FAFFFEA2203D9C80009B4F96 /* LaunchScreen.storyboard in Resources */ = {isa = PBXBuildFile; fileRef = FAFFFEA0203D9C80009B4F96 /* LaunchScreen.storyboard */; };
		FAFFFEAD203D9C80009B4F96 /* ChatalyzeTests.swift in Sources */ = {isa = PBXBuildFile; fileRef = FAFFFEAC203D9C80009B4F96 /* ChatalyzeTests.swift */; };
		FAFFFEB8203D9C80009B4F96 /* ChatalyzeUITests.swift in Sources */ = {isa = PBXBuildFile; fileRef = FAFFFEB7203D9C80009B4F96 /* ChatalyzeUITests.swift */; };
/* End PBXBuildFile section */

/* Begin PBXContainerItemProxy section */
		FAFFFEA9203D9C80009B4F96 /* PBXContainerItemProxy */ = {
			isa = PBXContainerItemProxy;
			containerPortal = FAFFFE8C203D9C7F009B4F96 /* Project object */;
			proxyType = 1;
			remoteGlobalIDString = FAFFFE93203D9C7F009B4F96;
			remoteInfo = Chatalyze;
		};
		FAFFFEB4203D9C80009B4F96 /* PBXContainerItemProxy */ = {
			isa = PBXContainerItemProxy;
			containerPortal = FAFFFE8C203D9C7F009B4F96 /* Project object */;
			proxyType = 1;
			remoteGlobalIDString = FAFFFE93203D9C7F009B4F96;
			remoteInfo = Chatalyze;
		};
/* End PBXContainerItemProxy section */

/* Begin PBXFileReference section */
		FA3AF0FA20442FEF0084B154 /* FieldManagingScrollView.swift */ = {isa = PBXFileReference; fileEncoding = 4; lastKnownFileType = sourcecode.swift; path = FieldManagingScrollView.swift; sourceTree = "<group>"; };
		FA3AF0FC204431810084B154 /* ExtendedScrollView.swift */ = {isa = PBXFileReference; fileEncoding = 4; lastKnownFileType = sourcecode.swift; path = ExtendedScrollView.swift; sourceTree = "<group>"; };
		FA3AF1002044334F0084B154 /* FieldManagingScrollViewInterface.swift */ = {isa = PBXFileReference; lastKnownFileType = sourcecode.swift; path = FieldManagingScrollViewInterface.swift; sourceTree = "<group>"; };
		FA3AF1022044376C0084B154 /* SigninRootView.swift */ = {isa = PBXFileReference; lastKnownFileType = sourcecode.swift; path = SigninRootView.swift; sourceTree = "<group>"; };
		FA3AF104204437B20084B154 /* SigninFieldView.swift */ = {isa = PBXFileReference; lastKnownFileType = sourcecode.swift; path = SigninFieldView.swift; sourceTree = "<group>"; };
		FA58193A2041647800D088F1 /* FacebookCore.framework */ = {isa = PBXFileReference; lastKnownFileType = wrapper.framework; name = FacebookCore.framework; path = Carthage/Build/iOS/FacebookCore.framework; sourceTree = "<group>"; };
		FA58193B2041647900D088F1 /* FacebookLogin.framework */ = {isa = PBXFileReference; lastKnownFileType = wrapper.framework; name = FacebookLogin.framework; path = Carthage/Build/iOS/FacebookLogin.framework; sourceTree = "<group>"; };
		FA58193C2041647900D088F1 /* FBSDKCoreKit.framework */ = {isa = PBXFileReference; lastKnownFileType = wrapper.framework; name = FBSDKCoreKit.framework; path = Carthage/Build/iOS/FBSDKCoreKit.framework; sourceTree = "<group>"; };
		FA58193D2041647900D088F1 /* FBSDKLoginKit.framework */ = {isa = PBXFileReference; lastKnownFileType = wrapper.framework; name = FBSDKLoginKit.framework; path = Carthage/Build/iOS/FBSDKLoginKit.framework; sourceTree = "<group>"; };
		FA581942204164BE00D088F1 /* Bolts.framework */ = {isa = PBXFileReference; lastKnownFileType = wrapper.framework; name = Bolts.framework; path = Carthage/Build/iOS/Bolts.framework; sourceTree = "<group>"; };
		FA581944204165CA00D088F1 /* SigninController.swift */ = {isa = PBXFileReference; lastKnownFileType = sourcecode.swift; path = SigninController.swift; sourceTree = "<group>"; };
		FA581946204173E600D088F1 /* NavigationBarCustomizer.swift */ = {isa = PBXFileReference; lastKnownFileType = sourcecode.swift; path = NavigationBarCustomizer.swift; sourceTree = "<group>"; };
		FA8CE77C2040515000AB52BD /* signin.storyboard */ = {isa = PBXFileReference; lastKnownFileType = file.storyboard; path = signin.storyboard; sourceTree = "<group>"; };
		FA912D9920417DD9002891EC /* icon.xcassets */ = {isa = PBXFileReference; lastKnownFileType = folder.assetcatalog; path = icon.xcassets; sourceTree = "<group>"; };
		FA912D9D20418DFF002891EC /* SigninButtonContainer.swift */ = {isa = PBXFileReference; lastKnownFileType = sourcecode.swift; path = SigninButtonContainer.swift; sourceTree = "<group>"; };
		FA912D9F204196CE002891EC /* InterfaceExtendedController.swift */ = {isa = PBXFileReference; fileEncoding = 4; lastKnownFileType = sourcecode.swift; path = InterfaceExtendedController.swift; sourceTree = "<group>"; };
		FAA00169203ED1E6003C8A74 /* RootControllerManager.swift */ = {isa = PBXFileReference; fileEncoding = 4; lastKnownFileType = sourcecode.swift; path = RootControllerManager.swift; sourceTree = "<group>"; };
		FAA0016C203ED2A7003C8A74 /* launch_container.storyboard */ = {isa = PBXFileReference; lastKnownFileType = file.storyboard; path = launch_container.storyboard; sourceTree = "<group>"; };
		FAA0016F203ED3F1003C8A74 /* LaunchDelayController.swift */ = {isa = PBXFileReference; fileEncoding = 4; lastKnownFileType = sourcecode.swift; path = LaunchDelayController.swift; sourceTree = "<group>"; };
		FAA00177203ED471003C8A74 /* DateStringFormatter.swift */ = {isa = PBXFileReference; fileEncoding = 4; lastKnownFileType = sourcecode.swift; path = DateStringFormatter.swift; sourceTree = "<group>"; };
		FAA00178203ED471003C8A74 /* DateParser.swift */ = {isa = PBXFileReference; fileEncoding = 4; lastKnownFileType = sourcecode.swift; path = DateParser.swift; sourceTree = "<group>"; };
		FAA00179203ED471003C8A74 /* EventTimer.swift */ = {isa = PBXFileReference; fileEncoding = 4; lastKnownFileType = sourcecode.swift; path = EventTimer.swift; sourceTree = "<group>"; };
		FAA0017B203ED471003C8A74 /* AlertViewController.swift */ = {isa = PBXFileReference; fileEncoding = 4; lastKnownFileType = sourcecode.swift; path = AlertViewController.swift; sourceTree = "<group>"; };
		FAA0017C203ED471003C8A74 /* Array.swift */ = {isa = PBXFileReference; fileEncoding = 4; lastKnownFileType = sourcecode.swift; path = Array.swift; sourceTree = "<group>"; };
		FAA0017D203ED471003C8A74 /* Date.swift */ = {isa = PBXFileReference; fileEncoding = 4; lastKnownFileType = sourcecode.swift; path = Date.swift; sourceTree = "<group>"; };
		FAA0017E203ED471003C8A74 /* Dictionary.swift */ = {isa = PBXFileReference; fileEncoding = 4; lastKnownFileType = sourcecode.swift; path = Dictionary.swift; sourceTree = "<group>"; };
		FAA0017F203ED471003C8A74 /* Double.swift */ = {isa = PBXFileReference; fileEncoding = 4; lastKnownFileType = sourcecode.swift; path = Double.swift; sourceTree = "<group>"; };
		FAA00180203ED471003C8A74 /* ImageRequestHelper.swift */ = {isa = PBXFileReference; fileEncoding = 4; lastKnownFileType = sourcecode.swift; path = ImageRequestHelper.swift; sourceTree = "<group>"; };
		FAA00181203ED471003C8A74 /* UIColor.swift */ = {isa = PBXFileReference; fileEncoding = 4; lastKnownFileType = sourcecode.swift; path = UIColor.swift; sourceTree = "<group>"; };
		FAA00182203ED471003C8A74 /* UINib.swift */ = {isa = PBXFileReference; fileEncoding = 4; lastKnownFileType = sourcecode.swift; path = UINib.swift; sourceTree = "<group>"; };
		FAA00183203ED471003C8A74 /* UIView.swift */ = {isa = PBXFileReference; fileEncoding = 4; lastKnownFileType = sourcecode.swift; path = UIView.swift; sourceTree = "<group>"; };
		FAA00184203ED471003C8A74 /* UIWindow.swift */ = {isa = PBXFileReference; fileEncoding = 4; lastKnownFileType = sourcecode.swift; path = UIWindow.swift; sourceTree = "<group>"; };
		FAA00185203ED471003C8A74 /* FieldValidator.swift */ = {isa = PBXFileReference; fileEncoding = 4; lastKnownFileType = sourcecode.swift; path = FieldValidator.swift; sourceTree = "<group>"; };
		FAA00187203ED471003C8A74 /* xib */ = {isa = PBXFileReference; lastKnownFileType = file; path = xib; sourceTree = "<group>"; };
		FAA00188203ED471003C8A74 /* Log.swift */ = {isa = PBXFileReference; fileEncoding = 4; lastKnownFileType = sourcecode.swift; path = Log.swift; sourceTree = "<group>"; };
		FAA00189203ED471003C8A74 /* ServerProcessor.swift */ = {isa = PBXFileReference; fileEncoding = 4; lastKnownFileType = sourcecode.swift; path = ServerProcessor.swift; sourceTree = "<group>"; };
		FAA0018B203ED471003C8A74 /* CircularImageView.swift */ = {isa = PBXFileReference; fileEncoding = 4; lastKnownFileType = sourcecode.swift; path = CircularImageView.swift; sourceTree = "<group>"; };
		FAA0018C203ED471003C8A74 /* ExtendedController.swift */ = {isa = PBXFileReference; fileEncoding = 4; lastKnownFileType = sourcecode.swift; path = ExtendedController.swift; sourceTree = "<group>"; };
		FAA0018D203ED471003C8A74 /* ExtendedImageView.swift */ = {isa = PBXFileReference; fileEncoding = 4; lastKnownFileType = sourcecode.swift; path = ExtendedImageView.swift; sourceTree = "<group>"; };
		FAA0018E203ED471003C8A74 /* ExtendedNavigationController.swift */ = {isa = PBXFileReference; fileEncoding = 4; lastKnownFileType = sourcecode.swift; path = ExtendedNavigationController.swift; sourceTree = "<group>"; };
		FAA0018F203ED471003C8A74 /* ExtendedTableCell.swift */ = {isa = PBXFileReference; fileEncoding = 4; lastKnownFileType = sourcecode.swift; path = ExtendedTableCell.swift; sourceTree = "<group>"; };
		FAA00190203ED471003C8A74 /* ExtendedTextField.swift */ = {isa = PBXFileReference; fileEncoding = 4; lastKnownFileType = sourcecode.swift; path = ExtendedTextField.swift; sourceTree = "<group>"; };
		FAA00191203ED471003C8A74 /* ExtendedTextView.swift */ = {isa = PBXFileReference; fileEncoding = 4; lastKnownFileType = sourcecode.swift; path = ExtendedTextView.swift; sourceTree = "<group>"; };
		FAA00192203ED471003C8A74 /* ExtendedView.swift */ = {isa = PBXFileReference; fileEncoding = 4; lastKnownFileType = sourcecode.swift; path = ExtendedView.swift; sourceTree = "<group>"; };
		FAA00194203ED471003C8A74 /* PlaceholderTextView.swift */ = {isa = PBXFileReference; fileEncoding = 4; lastKnownFileType = sourcecode.swift; path = PlaceholderTextView.swift; sourceTree = "<group>"; };
		FAA00195203ED471003C8A74 /* UniqueUserIdentifier.swift */ = {isa = PBXFileReference; fileEncoding = 4; lastKnownFileType = sourcecode.swift; path = UniqueUserIdentifier.swift; sourceTree = "<group>"; };
		FAA001B6203EDC13003C8A74 /* Alamofire.framework */ = {isa = PBXFileReference; lastKnownFileType = wrapper.framework; name = Alamofire.framework; path = Carthage/Build/iOS/Alamofire.framework; sourceTree = "<group>"; };
		FAA001B7203EDC13003C8A74 /* SwiftyJSON.framework */ = {isa = PBXFileReference; lastKnownFileType = wrapper.framework; name = SwiftyJSON.framework; path = Carthage/Build/iOS/SwiftyJSON.framework; sourceTree = "<group>"; };
		FAA001BC203EDFF1003C8A74 /* ImageLoader.framework */ = {isa = PBXFileReference; lastKnownFileType = wrapper.framework; name = ImageLoader.framework; path = Carthage/Build/iOS/ImageLoader.framework; sourceTree = "<group>"; };
		FAA001BD203EDFF2003C8A74 /* SocketIO.framework */ = {isa = PBXFileReference; lastKnownFileType = wrapper.framework; name = SocketIO.framework; path = Carthage/Build/iOS/SocketIO.framework; sourceTree = "<group>"; };
		FAA001BE203EDFF2003C8A74 /* SDWebImage.framework */ = {isa = PBXFileReference; lastKnownFileType = wrapper.framework; name = SDWebImage.framework; path = Carthage/Build/iOS/SDWebImage.framework; sourceTree = "<group>"; };
		FAA001BF203EDFF2003C8A74 /* Starscream.framework */ = {isa = PBXFileReference; lastKnownFileType = wrapper.framework; name = Starscream.framework; path = Carthage/Build/iOS/Starscream.framework; sourceTree = "<group>"; };
		FAA001C9203EE2BC003C8A74 /* AppInfoConfig.swift */ = {isa = PBXFileReference; fileEncoding = 4; lastKnownFileType = sourcecode.swift; path = AppInfoConfig.swift; sourceTree = "<group>"; };
		FAA001CA203EE2BC003C8A74 /* AppThemeConfig.swift */ = {isa = PBXFileReference; fileEncoding = 4; lastKnownFileType = sourcecode.swift; path = AppThemeConfig.swift; sourceTree = "<group>"; };
		FAA001CC203EE2BC003C8A74 /* DevFlag.swift */ = {isa = PBXFileReference; fileEncoding = 4; lastKnownFileType = sourcecode.swift; path = DevFlag.swift; sourceTree = "<group>"; };
		FAFFFE94203D9C80009B4F96 /* Chatalyze.app */ = {isa = PBXFileReference; explicitFileType = wrapper.application; includeInIndex = 0; path = Chatalyze.app; sourceTree = BUILT_PRODUCTS_DIR; };
		FAFFFE97203D9C80009B4F96 /* AppDelegate.swift */ = {isa = PBXFileReference; lastKnownFileType = sourcecode.swift; path = AppDelegate.swift; sourceTree = "<group>"; };
		FAFFFE99203D9C80009B4F96 /* ViewController.swift */ = {isa = PBXFileReference; lastKnownFileType = sourcecode.swift; path = ViewController.swift; sourceTree = "<group>"; };
		FAFFFE9C203D9C80009B4F96 /* Base */ = {isa = PBXFileReference; lastKnownFileType = file.storyboard; name = Base; path = Base.lproj/Main.storyboard; sourceTree = "<group>"; };
		FAFFFE9E203D9C80009B4F96 /* Assets.xcassets */ = {isa = PBXFileReference; lastKnownFileType = folder.assetcatalog; path = Assets.xcassets; sourceTree = "<group>"; };
		FAFFFEA1203D9C80009B4F96 /* Base */ = {isa = PBXFileReference; lastKnownFileType = file.storyboard; name = Base; path = Base.lproj/LaunchScreen.storyboard; sourceTree = "<group>"; };
		FAFFFEA3203D9C80009B4F96 /* Info.plist */ = {isa = PBXFileReference; lastKnownFileType = text.plist.xml; path = Info.plist; sourceTree = "<group>"; };
		FAFFFEA8203D9C80009B4F96 /* ChatalyzeTests.xctest */ = {isa = PBXFileReference; explicitFileType = wrapper.cfbundle; includeInIndex = 0; path = ChatalyzeTests.xctest; sourceTree = BUILT_PRODUCTS_DIR; };
		FAFFFEAC203D9C80009B4F96 /* ChatalyzeTests.swift */ = {isa = PBXFileReference; lastKnownFileType = sourcecode.swift; path = ChatalyzeTests.swift; sourceTree = "<group>"; };
		FAFFFEAE203D9C80009B4F96 /* Info.plist */ = {isa = PBXFileReference; lastKnownFileType = text.plist.xml; path = Info.plist; sourceTree = "<group>"; };
		FAFFFEB3203D9C80009B4F96 /* ChatalyzeUITests.xctest */ = {isa = PBXFileReference; explicitFileType = wrapper.cfbundle; includeInIndex = 0; path = ChatalyzeUITests.xctest; sourceTree = BUILT_PRODUCTS_DIR; };
		FAFFFEB7203D9C80009B4F96 /* ChatalyzeUITests.swift */ = {isa = PBXFileReference; lastKnownFileType = sourcecode.swift; path = ChatalyzeUITests.swift; sourceTree = "<group>"; };
		FAFFFEB9203D9C80009B4F96 /* Info.plist */ = {isa = PBXFileReference; lastKnownFileType = text.plist.xml; path = Info.plist; sourceTree = "<group>"; };
/* End PBXFileReference section */

/* Begin PBXFrameworksBuildPhase section */
		FAFFFE91203D9C7F009B4F96 /* Frameworks */ = {
			isa = PBXFrameworksBuildPhase;
			buildActionMask = 2147483647;
			files = (
				FA581943204164BE00D088F1 /* Bolts.framework in Frameworks */,
				FA58193E2041647900D088F1 /* FacebookCore.framework in Frameworks */,
				FA58193F2041647900D088F1 /* FacebookLogin.framework in Frameworks */,
				FA5819402041647900D088F1 /* FBSDKCoreKit.framework in Frameworks */,
				FA5819412041647900D088F1 /* FBSDKLoginKit.framework in Frameworks */,
				FAA001C0203EDFF2003C8A74 /* ImageLoader.framework in Frameworks */,
				FAA001C1203EDFF2003C8A74 /* SocketIO.framework in Frameworks */,
				FAA001C2203EDFF2003C8A74 /* SDWebImage.framework in Frameworks */,
				FAA001C3203EDFF2003C8A74 /* Starscream.framework in Frameworks */,
				FAA001BA203EDFF1003C8A74 /* Alamofire.framework in Frameworks */,
				FAA001BB203EDFF1003C8A74 /* SwiftyJSON.framework in Frameworks */,
			);
			runOnlyForDeploymentPostprocessing = 0;
		};
		FAFFFEA5203D9C80009B4F96 /* Frameworks */ = {
			isa = PBXFrameworksBuildPhase;
			buildActionMask = 2147483647;
			files = (
			);
			runOnlyForDeploymentPostprocessing = 0;
		};
		FAFFFEB0203D9C80009B4F96 /* Frameworks */ = {
			isa = PBXFrameworksBuildPhase;
			buildActionMask = 2147483647;
			files = (
			);
			runOnlyForDeploymentPostprocessing = 0;
		};
/* End PBXFrameworksBuildPhase section */

/* Begin PBXGroup section */
		FA3AF0F920442FE60084B154 /* view */ = {
			isa = PBXGroup;
			children = (
				FA3AF0FC204431810084B154 /* ExtendedScrollView.swift */,
				FA3AF0FA20442FEF0084B154 /* FieldManagingScrollView.swift */,
			);
			path = view;
			sourceTree = "<group>";
		};
		FA3AF0FE204433190084B154 /* interface */ = {
			isa = PBXGroup;
			children = (
				FA3AF0FF2044332F0084B154 /* view */,
			);
			name = interface;
			path = Chatalyze/interface;
			sourceTree = SOURCE_ROOT;
		};
		FA3AF0FF2044332F0084B154 /* view */ = {
			isa = PBXGroup;
			children = (
				FA3AF1002044334F0084B154 /* FieldManagingScrollViewInterface.swift */,
			);
			path = view;
			sourceTree = "<group>";
		};
		FA912D9B2041899D002891EC /* view */ = {
			isa = PBXGroup;
			children = (
				FA912D9C20418DEC002891EC /* signin */,
			);
			path = view;
			sourceTree = "<group>";
		};
		FA912D9C20418DEC002891EC /* signin */ = {
			isa = PBXGroup;
			children = (
				FA912D9D20418DFF002891EC /* SigninButtonContainer.swift */,
				FA3AF1022044376C0084B154 /* SigninRootView.swift */,
				FA3AF104204437B20084B154 /* SigninFieldView.swift */,
			);
			path = signin;
			sourceTree = "<group>";
		};
		FAA00167203ED1E6003C8A74 /* processor */ = {
			isa = PBXGroup;
			children = (
				FAA00168203ED1E6003C8A74 /* rootManager */,
			);
			path = processor;
			sourceTree = "<group>";
		};
		FAA00168203ED1E6003C8A74 /* rootManager */ = {
			isa = PBXGroup;
			children = (
				FAA00169203ED1E6003C8A74 /* RootControllerManager.swift */,
			);
			path = rootManager;
			sourceTree = "<group>";
		};
		FAA0016B203ED291003C8A74 /* storyboard */ = {
			isa = PBXGroup;
			children = (
				FAA0016C203ED2A7003C8A74 /* launch_container.storyboard */,
				FA8CE77C2040515000AB52BD /* signin.storyboard */,
			);
			path = storyboard;
			sourceTree = "<group>";
		};
		FAA0016E203ED3E2003C8A74 /* controller */ = {
			isa = PBXGroup;
			children = (
				FAA0016F203ED3F1003C8A74 /* LaunchDelayController.swift */,
				FA581944204165CA00D088F1 /* SigninController.swift */,
			);
			path = controller;
			sourceTree = "<group>";
		};
		FAA00171203ED471003C8A74 /* helper */ = {
			isa = PBXGroup;
			children = (
				FA3AF0F920442FE60084B154 /* view */,
				FAA00178203ED471003C8A74 /* DateParser.swift */,
				FAA00179203ED471003C8A74 /* EventTimer.swift */,
				FAA00185203ED471003C8A74 /* FieldValidator.swift */,
				FAA00188203ED471003C8A74 /* Log.swift */,
				FAA00189203ED471003C8A74 /* ServerProcessor.swift */,
				FAA00195203ED471003C8A74 /* UniqueUserIdentifier.swift */,
				FAA00176203ED471003C8A74 /* dateHelper */,
				FAA0017A203ED471003C8A74 /* extension */,
				FAA00186203ED471003C8A74 /* font */,
				FAA0018A203ED471003C8A74 /* templateManager */,
				FA581946204173E600D088F1 /* NavigationBarCustomizer.swift */,
			);
			path = helper;
			sourceTree = "<group>";
		};
		FAA00176203ED471003C8A74 /* dateHelper */ = {
			isa = PBXGroup;
			children = (
				FAA00177203ED471003C8A74 /* DateStringFormatter.swift */,
			);
			path = dateHelper;
			sourceTree = "<group>";
		};
		FAA0017A203ED471003C8A74 /* extension */ = {
			isa = PBXGroup;
			children = (
				FAA0017B203ED471003C8A74 /* AlertViewController.swift */,
				FAA0017C203ED471003C8A74 /* Array.swift */,
				FAA0017D203ED471003C8A74 /* Date.swift */,
				FAA0017E203ED471003C8A74 /* Dictionary.swift */,
				FAA0017F203ED471003C8A74 /* Double.swift */,
				FAA00180203ED471003C8A74 /* ImageRequestHelper.swift */,
				FAA00181203ED471003C8A74 /* UIColor.swift */,
				FAA00182203ED471003C8A74 /* UINib.swift */,
				FAA00183203ED471003C8A74 /* UIView.swift */,
				FAA00184203ED471003C8A74 /* UIWindow.swift */,
			);
			path = extension;
			sourceTree = "<group>";
		};
		FAA00186203ED471003C8A74 /* font */ = {
			isa = PBXGroup;
			children = (
				FAA00187203ED471003C8A74 /* xib */,
			);
			path = font;
			sourceTree = "<group>";
		};
		FAA0018A203ED471003C8A74 /* templateManager */ = {
			isa = PBXGroup;
			children = (
				FA912D9F204196CE002891EC /* InterfaceExtendedController.swift */,
				FAA0018B203ED471003C8A74 /* CircularImageView.swift */,
				FAA0018C203ED471003C8A74 /* ExtendedController.swift */,
				FAA0018D203ED471003C8A74 /* ExtendedImageView.swift */,
				FAA0018E203ED471003C8A74 /* ExtendedNavigationController.swift */,
				FAA0018F203ED471003C8A74 /* ExtendedTableCell.swift */,
				FAA00190203ED471003C8A74 /* ExtendedTextField.swift */,
				FAA00191203ED471003C8A74 /* ExtendedTextView.swift */,
				FAA00192203ED471003C8A74 /* ExtendedView.swift */,
				FAA00194203ED471003C8A74 /* PlaceholderTextView.swift */,
			);
			path = templateManager;
			sourceTree = "<group>";
		};
		FAA001B5203EDC13003C8A74 /* Frameworks */ = {
			isa = PBXGroup;
			children = (
				FA581942204164BE00D088F1 /* Bolts.framework */,
				FA58193A2041647800D088F1 /* FacebookCore.framework */,
				FA58193B2041647900D088F1 /* FacebookLogin.framework */,
				FA58193C2041647900D088F1 /* FBSDKCoreKit.framework */,
				FA58193D2041647900D088F1 /* FBSDKLoginKit.framework */,
				FAA001BC203EDFF1003C8A74 /* ImageLoader.framework */,
				FAA001BE203EDFF2003C8A74 /* SDWebImage.framework */,
				FAA001BD203EDFF2003C8A74 /* SocketIO.framework */,
				FAA001BF203EDFF2003C8A74 /* Starscream.framework */,
				FAA001B6203EDC13003C8A74 /* Alamofire.framework */,
				FAA001B7203EDC13003C8A74 /* SwiftyJSON.framework */,
			);
			name = Frameworks;
			sourceTree = "<group>";
		};
		FAA001C5203EE2BC003C8A74 /* config */ = {
			isa = PBXGroup;
			children = (
				FAA001C9203EE2BC003C8A74 /* AppInfoConfig.swift */,
				FAA001CA203EE2BC003C8A74 /* AppThemeConfig.swift */,
				FAA001CB203EE2BC003C8A74 /* configFlag */,
			);
			path = config;
			sourceTree = "<group>";
		};
		FAA001CB203EE2BC003C8A74 /* configFlag */ = {
			isa = PBXGroup;
			children = (
				FAA001CC203EE2BC003C8A74 /* DevFlag.swift */,
			);
			path = configFlag;
			sourceTree = "<group>";
		};
		FAFFFE8B203D9C7F009B4F96 = {
			isa = PBXGroup;
			children = (
				FAFFFE96203D9C80009B4F96 /* Chatalyze */,
				FAFFFEAB203D9C80009B4F96 /* ChatalyzeTests */,
				FAFFFEB6203D9C80009B4F96 /* ChatalyzeUITests */,
				FAFFFE95203D9C80009B4F96 /* Products */,
				FAA001B5203EDC13003C8A74 /* Frameworks */,
			);
			sourceTree = "<group>";
		};
		FAFFFE95203D9C80009B4F96 /* Products */ = {
			isa = PBXGroup;
			children = (
				FAFFFE94203D9C80009B4F96 /* Chatalyze.app */,
				FAFFFEA8203D9C80009B4F96 /* ChatalyzeTests.xctest */,
				FAFFFEB3203D9C80009B4F96 /* ChatalyzeUITests.xctest */,
			);
			name = Products;
			sourceTree = "<group>";
		};
		FAFFFE96203D9C80009B4F96 /* Chatalyze */ = {
			isa = PBXGroup;
			children = (
				FAFFFE97203D9C80009B4F96 /* AppDelegate.swift */,
				FAFFFE99203D9C80009B4F96 /* ViewController.swift */,
				FAFFFE9B203D9C80009B4F96 /* Main.storyboard */,
				FA912D9920417DD9002891EC /* icon.xcassets */,
				FAFFFE9E203D9C80009B4F96 /* Assets.xcassets */,
				FAFFFEA0203D9C80009B4F96 /* LaunchScreen.storyboard */,
				FAFFFEA3203D9C80009B4F96 /* Info.plist */,
				FA3AF0FE204433190084B154 /* interface */,
				FAA001C5203EE2BC003C8A74 /* config */,
				FAA00171203ED471003C8A74 /* helper */,
				FAA0016E203ED3E2003C8A74 /* controller */,
				FAA00167203ED1E6003C8A74 /* processor */,
				FAA0016B203ED291003C8A74 /* storyboard */,
				FA912D9B2041899D002891EC /* view */,
			);
			path = Chatalyze;
			sourceTree = "<group>";
		};
		FAFFFEAB203D9C80009B4F96 /* ChatalyzeTests */ = {
			isa = PBXGroup;
			children = (
				FAFFFEAC203D9C80009B4F96 /* ChatalyzeTests.swift */,
				FAFFFEAE203D9C80009B4F96 /* Info.plist */,
			);
			path = ChatalyzeTests;
			sourceTree = "<group>";
		};
		FAFFFEB6203D9C80009B4F96 /* ChatalyzeUITests */ = {
			isa = PBXGroup;
			children = (
				FAFFFEB7203D9C80009B4F96 /* ChatalyzeUITests.swift */,
				FAFFFEB9203D9C80009B4F96 /* Info.plist */,
			);
			path = ChatalyzeUITests;
			sourceTree = "<group>";
		};
/* End PBXGroup section */

/* Begin PBXNativeTarget section */
		FAFFFE93203D9C7F009B4F96 /* Chatalyze */ = {
			isa = PBXNativeTarget;
			buildConfigurationList = FAFFFEBC203D9C80009B4F96 /* Build configuration list for PBXNativeTarget "Chatalyze" */;
			buildPhases = (
				FAFFFE90203D9C7F009B4F96 /* Sources */,
				FAFFFE91203D9C7F009B4F96 /* Frameworks */,
				FAFFFE92203D9C7F009B4F96 /* Resources */,
				FAA001C4203EE0E4003C8A74 /* ShellScript */,
			);
			buildRules = (
			);
			dependencies = (
			);
			name = Chatalyze;
			productName = Chatalyze;
			productReference = FAFFFE94203D9C80009B4F96 /* Chatalyze.app */;
			productType = "com.apple.product-type.application";
		};
		FAFFFEA7203D9C80009B4F96 /* ChatalyzeTests */ = {
			isa = PBXNativeTarget;
			buildConfigurationList = FAFFFEBF203D9C80009B4F96 /* Build configuration list for PBXNativeTarget "ChatalyzeTests" */;
			buildPhases = (
				FAFFFEA4203D9C80009B4F96 /* Sources */,
				FAFFFEA5203D9C80009B4F96 /* Frameworks */,
				FAFFFEA6203D9C80009B4F96 /* Resources */,
			);
			buildRules = (
			);
			dependencies = (
				FAFFFEAA203D9C80009B4F96 /* PBXTargetDependency */,
			);
			name = ChatalyzeTests;
			productName = ChatalyzeTests;
			productReference = FAFFFEA8203D9C80009B4F96 /* ChatalyzeTests.xctest */;
			productType = "com.apple.product-type.bundle.unit-test";
		};
		FAFFFEB2203D9C80009B4F96 /* ChatalyzeUITests */ = {
			isa = PBXNativeTarget;
			buildConfigurationList = FAFFFEC2203D9C80009B4F96 /* Build configuration list for PBXNativeTarget "ChatalyzeUITests" */;
			buildPhases = (
				FAFFFEAF203D9C80009B4F96 /* Sources */,
				FAFFFEB0203D9C80009B4F96 /* Frameworks */,
				FAFFFEB1203D9C80009B4F96 /* Resources */,
			);
			buildRules = (
			);
			dependencies = (
				FAFFFEB5203D9C80009B4F96 /* PBXTargetDependency */,
			);
			name = ChatalyzeUITests;
			productName = ChatalyzeUITests;
			productReference = FAFFFEB3203D9C80009B4F96 /* ChatalyzeUITests.xctest */;
			productType = "com.apple.product-type.bundle.ui-testing";
		};
/* End PBXNativeTarget section */

/* Begin PBXProject section */
		FAFFFE8C203D9C7F009B4F96 /* Project object */ = {
			isa = PBXProject;
			attributes = {
				LastSwiftUpdateCheck = 0920;
				LastUpgradeCheck = 0920;
				ORGANIZATIONNAME = "Mansa Infotech";
				TargetAttributes = {
					FAFFFE93203D9C7F009B4F96 = {
						CreatedOnToolsVersion = 9.2;
						ProvisioningStyle = Manual;
					};
					FAFFFEA7203D9C80009B4F96 = {
						CreatedOnToolsVersion = 9.2;
						ProvisioningStyle = Automatic;
						TestTargetID = FAFFFE93203D9C7F009B4F96;
					};
					FAFFFEB2203D9C80009B4F96 = {
						CreatedOnToolsVersion = 9.2;
						ProvisioningStyle = Automatic;
						TestTargetID = FAFFFE93203D9C7F009B4F96;
					};
				};
			};
			buildConfigurationList = FAFFFE8F203D9C7F009B4F96 /* Build configuration list for PBXProject "Chatalyze" */;
			compatibilityVersion = "Xcode 8.0";
			developmentRegion = en;
			hasScannedForEncodings = 0;
			knownRegions = (
				en,
				Base,
			);
			mainGroup = FAFFFE8B203D9C7F009B4F96;
			productRefGroup = FAFFFE95203D9C80009B4F96 /* Products */;
			projectDirPath = "";
			projectRoot = "";
			targets = (
				FAFFFE93203D9C7F009B4F96 /* Chatalyze */,
				FAFFFEA7203D9C80009B4F96 /* ChatalyzeTests */,
				FAFFFEB2203D9C80009B4F96 /* ChatalyzeUITests */,
			);
		};
/* End PBXProject section */

/* Begin PBXResourcesBuildPhase section */
		FAFFFE92203D9C7F009B4F96 /* Resources */ = {
			isa = PBXResourcesBuildPhase;
			buildActionMask = 2147483647;
			files = (
				FA8CE77D2040515000AB52BD /* signin.storyboard in Resources */,
				FAFFFEA2203D9C80009B4F96 /* LaunchScreen.storyboard in Resources */,
				FAFFFE9F203D9C80009B4F96 /* Assets.xcassets in Resources */,
				FAFFFE9D203D9C80009B4F96 /* Main.storyboard in Resources */,
				FAA001A7203ED472003C8A74 /* xib in Resources */,
				FA912D9A20417DD9002891EC /* icon.xcassets in Resources */,
				FAA0016D203ED2A7003C8A74 /* launch_container.storyboard in Resources */,
			);
			runOnlyForDeploymentPostprocessing = 0;
		};
		FAFFFEA6203D9C80009B4F96 /* Resources */ = {
			isa = PBXResourcesBuildPhase;
			buildActionMask = 2147483647;
			files = (
			);
			runOnlyForDeploymentPostprocessing = 0;
		};
		FAFFFEB1203D9C80009B4F96 /* Resources */ = {
			isa = PBXResourcesBuildPhase;
			buildActionMask = 2147483647;
			files = (
			);
			runOnlyForDeploymentPostprocessing = 0;
		};
/* End PBXResourcesBuildPhase section */

/* Begin PBXShellScriptBuildPhase section */
		FAA001C4203EE0E4003C8A74 /* ShellScript */ = {
			isa = PBXShellScriptBuildPhase;
			buildActionMask = 2147483647;
			files = (
			);
			inputPaths = (
				"$(SRCROOT)/Carthage/Build/iOS/Alamofire.framework",
				"$(SRCROOT)/Carthage/Build/iOS/SwiftyJSON.framework",
				"$(SRCROOT)/Carthage/Build/iOS/ImageLoader.framework",
				"$(SRCROOT)/Carthage/Build/iOS/SDWebImage.framework",
				"$(SRCROOT)/Carthage/Build/iOS/Starscream.framework",
				"$(SRCROOT)/Carthage/Build/iOS/SocketIO.framework",
				"$(SRCROOT)/Carthage/Build/iOS/FacebookCore.framework",
				"$(SRCROOT)/Carthage/Build/iOS/FBSDKCoreKit.framework",
				"$(SRCROOT)/Carthage/Build/iOS/Bolts.framework",
				"$(SRCROOT)/Carthage/Build/iOS/FacebookLogin.framework",
				"$(SRCROOT)/Carthage/Build/iOS/FBSDKLoginKit.framework",
			);
			outputPaths = (
			);
			runOnlyForDeploymentPostprocessing = 0;
			shellPath = /bin/sh;
			shellScript = "/usr/local/bin/carthage copy-frameworks";
		};
/* End PBXShellScriptBuildPhase section */

/* Begin PBXSourcesBuildPhase section */
		FAFFFE90203D9C7F009B4F96 /* Sources */ = {
			isa = PBXSourcesBuildPhase;
			buildActionMask = 2147483647;
			files = (
				FAA00170203ED3F1003C8A74 /* LaunchDelayController.swift in Sources */,
				FAA001AF203ED472003C8A74 /* ExtendedTextField.swift in Sources */,
				FAA0016A203ED1E6003C8A74 /* RootControllerManager.swift in Sources */,
				FAA001A8203ED472003C8A74 /* Log.swift in Sources */,
				FA3AF0FB20442FEF0084B154 /* FieldManagingScrollView.swift in Sources */,
				FAA001B0203ED472003C8A74 /* ExtendedTextView.swift in Sources */,
				FA3AF0FD204431810084B154 /* ExtendedScrollView.swift in Sources */,
				FAA001B4203ED472003C8A74 /* UniqueUserIdentifier.swift in Sources */,
				FAA001AD203ED472003C8A74 /* ExtendedNavigationController.swift in Sources */,
				FA3AF105204437B20084B154 /* SigninFieldView.swift in Sources */,
				FAA001AB203ED472003C8A74 /* ExtendedController.swift in Sources */,
				FAA001B3203ED472003C8A74 /* PlaceholderTextView.swift in Sources */,
				FAA001D1203EE2BC003C8A74 /* DevFlag.swift in Sources */,
				FAA0019A203ED472003C8A74 /* DateParser.swift in Sources */,
				FAFFFE9A203D9C80009B4F96 /* ViewController.swift in Sources */,
				FAA001AC203ED472003C8A74 /* ExtendedImageView.swift in Sources */,
				FAA001A6203ED472003C8A74 /* FieldValidator.swift in Sources */,
				FAA001A2203ED472003C8A74 /* UIColor.swift in Sources */,
				FAA001A5203ED472003C8A74 /* UIWindow.swift in Sources */,
				FAA00199203ED472003C8A74 /* DateStringFormatter.swift in Sources */,
				FAA0019C203ED472003C8A74 /* AlertViewController.swift in Sources */,
				FAFFFE98203D9C80009B4F96 /* AppDelegate.swift in Sources */,
				FAA001D0203EE2BC003C8A74 /* AppThemeConfig.swift in Sources */,
				FAA001B1203ED472003C8A74 /* ExtendedView.swift in Sources */,
				FAA001AA203ED472003C8A74 /* CircularImageView.swift in Sources */,
				FAA001CF203EE2BC003C8A74 /* AppInfoConfig.swift in Sources */,
				FA581945204165CA00D088F1 /* SigninController.swift in Sources */,
				FAA0019D203ED472003C8A74 /* Array.swift in Sources */,
				FAA001A3203ED472003C8A74 /* UINib.swift in Sources */,
				FAA0019B203ED472003C8A74 /* EventTimer.swift in Sources */,
				FAA001A4203ED472003C8A74 /* UIView.swift in Sources */,
				FAA0019F203ED472003C8A74 /* Dictionary.swift in Sources */,
				FA912D9E20418DFF002891EC /* SigninButtonContainer.swift in Sources */,
				FA581947204173E600D088F1 /* NavigationBarCustomizer.swift in Sources */,
				FA3AF1032044376C0084B154 /* SigninRootView.swift in Sources */,
				FAA0019E203ED472003C8A74 /* Date.swift in Sources */,
				FA3AF1012044334F0084B154 /* FieldManagingScrollViewInterface.swift in Sources */,
				FAA001AE203ED472003C8A74 /* ExtendedTableCell.swift in Sources */,
				FAA001A0203ED472003C8A74 /* Double.swift in Sources */,
				FAA001A1203ED472003C8A74 /* ImageRequestHelper.swift in Sources */,
				FAA001A9203ED472003C8A74 /* ServerProcessor.swift in Sources */,
				FA912DA0204196CF002891EC /* InterfaceExtendedController.swift in Sources */,
			);
			runOnlyForDeploymentPostprocessing = 0;
		};
		FAFFFEA4203D9C80009B4F96 /* Sources */ = {
			isa = PBXSourcesBuildPhase;
			buildActionMask = 2147483647;
			files = (
				FAFFFEAD203D9C80009B4F96 /* ChatalyzeTests.swift in Sources */,
			);
			runOnlyForDeploymentPostprocessing = 0;
		};
		FAFFFEAF203D9C80009B4F96 /* Sources */ = {
			isa = PBXSourcesBuildPhase;
			buildActionMask = 2147483647;
			files = (
				FAFFFEB8203D9C80009B4F96 /* ChatalyzeUITests.swift in Sources */,
			);
			runOnlyForDeploymentPostprocessing = 0;
		};
/* End PBXSourcesBuildPhase section */

/* Begin PBXTargetDependency section */
		FAFFFEAA203D9C80009B4F96 /* PBXTargetDependency */ = {
			isa = PBXTargetDependency;
			target = FAFFFE93203D9C7F009B4F96 /* Chatalyze */;
			targetProxy = FAFFFEA9203D9C80009B4F96 /* PBXContainerItemProxy */;
		};
		FAFFFEB5203D9C80009B4F96 /* PBXTargetDependency */ = {
			isa = PBXTargetDependency;
			target = FAFFFE93203D9C7F009B4F96 /* Chatalyze */;
			targetProxy = FAFFFEB4203D9C80009B4F96 /* PBXContainerItemProxy */;
		};
/* End PBXTargetDependency section */

/* Begin PBXVariantGroup section */
		FAFFFE9B203D9C80009B4F96 /* Main.storyboard */ = {
			isa = PBXVariantGroup;
			children = (
				FAFFFE9C203D9C80009B4F96 /* Base */,
			);
			name = Main.storyboard;
			sourceTree = "<group>";
		};
		FAFFFEA0203D9C80009B4F96 /* LaunchScreen.storyboard */ = {
			isa = PBXVariantGroup;
			children = (
				FAFFFEA1203D9C80009B4F96 /* Base */,
			);
			name = LaunchScreen.storyboard;
			sourceTree = "<group>";
		};
/* End PBXVariantGroup section */

/* Begin XCBuildConfiguration section */
		FAFFFEBA203D9C80009B4F96 /* Debug */ = {
			isa = XCBuildConfiguration;
			buildSettings = {
				ALWAYS_SEARCH_USER_PATHS = NO;
				CLANG_ANALYZER_NONNULL = YES;
				CLANG_ANALYZER_NUMBER_OBJECT_CONVERSION = YES_AGGRESSIVE;
				CLANG_CXX_LANGUAGE_STANDARD = "gnu++14";
				CLANG_CXX_LIBRARY = "libc++";
				CLANG_ENABLE_MODULES = YES;
				CLANG_ENABLE_OBJC_ARC = YES;
				CLANG_WARN_BLOCK_CAPTURE_AUTORELEASING = YES;
				CLANG_WARN_BOOL_CONVERSION = YES;
				CLANG_WARN_COMMA = YES;
				CLANG_WARN_CONSTANT_CONVERSION = YES;
				CLANG_WARN_DIRECT_OBJC_ISA_USAGE = YES_ERROR;
				CLANG_WARN_DOCUMENTATION_COMMENTS = YES;
				CLANG_WARN_EMPTY_BODY = YES;
				CLANG_WARN_ENUM_CONVERSION = YES;
				CLANG_WARN_INFINITE_RECURSION = YES;
				CLANG_WARN_INT_CONVERSION = YES;
				CLANG_WARN_NON_LITERAL_NULL_CONVERSION = YES;
				CLANG_WARN_OBJC_LITERAL_CONVERSION = YES;
				CLANG_WARN_OBJC_ROOT_CLASS = YES_ERROR;
				CLANG_WARN_RANGE_LOOP_ANALYSIS = YES;
				CLANG_WARN_STRICT_PROTOTYPES = YES;
				CLANG_WARN_SUSPICIOUS_MOVE = YES;
				CLANG_WARN_UNGUARDED_AVAILABILITY = YES_AGGRESSIVE;
				CLANG_WARN_UNREACHABLE_CODE = YES;
				CLANG_WARN__DUPLICATE_METHOD_MATCH = YES;
				CODE_SIGN_IDENTITY = "iPhone Developer";
				COPY_PHASE_STRIP = NO;
				DEBUG_INFORMATION_FORMAT = dwarf;
				ENABLE_STRICT_OBJC_MSGSEND = YES;
				ENABLE_TESTABILITY = YES;
				GCC_C_LANGUAGE_STANDARD = gnu11;
				GCC_DYNAMIC_NO_PIC = NO;
				GCC_NO_COMMON_BLOCKS = YES;
				GCC_OPTIMIZATION_LEVEL = 0;
				GCC_PREPROCESSOR_DEFINITIONS = (
					"DEBUG=1",
					"$(inherited)",
				);
				GCC_WARN_64_TO_32_BIT_CONVERSION = YES;
				GCC_WARN_ABOUT_RETURN_TYPE = YES_ERROR;
				GCC_WARN_UNDECLARED_SELECTOR = YES;
				GCC_WARN_UNINITIALIZED_AUTOS = YES_AGGRESSIVE;
				GCC_WARN_UNUSED_FUNCTION = YES;
				GCC_WARN_UNUSED_VARIABLE = YES;
				IPHONEOS_DEPLOYMENT_TARGET = 11.2;
				MTL_ENABLE_DEBUG_INFO = YES;
				ONLY_ACTIVE_ARCH = YES;
				SDKROOT = iphoneos;
				SWIFT_ACTIVE_COMPILATION_CONDITIONS = DEBUG;
				SWIFT_OPTIMIZATION_LEVEL = "-Onone";
			};
			name = Debug;
		};
		FAFFFEBB203D9C80009B4F96 /* Release */ = {
			isa = XCBuildConfiguration;
			buildSettings = {
				ALWAYS_SEARCH_USER_PATHS = NO;
				CLANG_ANALYZER_NONNULL = YES;
				CLANG_ANALYZER_NUMBER_OBJECT_CONVERSION = YES_AGGRESSIVE;
				CLANG_CXX_LANGUAGE_STANDARD = "gnu++14";
				CLANG_CXX_LIBRARY = "libc++";
				CLANG_ENABLE_MODULES = YES;
				CLANG_ENABLE_OBJC_ARC = YES;
				CLANG_WARN_BLOCK_CAPTURE_AUTORELEASING = YES;
				CLANG_WARN_BOOL_CONVERSION = YES;
				CLANG_WARN_COMMA = YES;
				CLANG_WARN_CONSTANT_CONVERSION = YES;
				CLANG_WARN_DIRECT_OBJC_ISA_USAGE = YES_ERROR;
				CLANG_WARN_DOCUMENTATION_COMMENTS = YES;
				CLANG_WARN_EMPTY_BODY = YES;
				CLANG_WARN_ENUM_CONVERSION = YES;
				CLANG_WARN_INFINITE_RECURSION = YES;
				CLANG_WARN_INT_CONVERSION = YES;
				CLANG_WARN_NON_LITERAL_NULL_CONVERSION = YES;
				CLANG_WARN_OBJC_LITERAL_CONVERSION = YES;
				CLANG_WARN_OBJC_ROOT_CLASS = YES_ERROR;
				CLANG_WARN_RANGE_LOOP_ANALYSIS = YES;
				CLANG_WARN_STRICT_PROTOTYPES = YES;
				CLANG_WARN_SUSPICIOUS_MOVE = YES;
				CLANG_WARN_UNGUARDED_AVAILABILITY = YES_AGGRESSIVE;
				CLANG_WARN_UNREACHABLE_CODE = YES;
				CLANG_WARN__DUPLICATE_METHOD_MATCH = YES;
				CODE_SIGN_IDENTITY = "iPhone Developer";
				COPY_PHASE_STRIP = NO;
				DEBUG_INFORMATION_FORMAT = "dwarf-with-dsym";
				ENABLE_NS_ASSERTIONS = NO;
				ENABLE_STRICT_OBJC_MSGSEND = YES;
				GCC_C_LANGUAGE_STANDARD = gnu11;
				GCC_NO_COMMON_BLOCKS = YES;
				GCC_WARN_64_TO_32_BIT_CONVERSION = YES;
				GCC_WARN_ABOUT_RETURN_TYPE = YES_ERROR;
				GCC_WARN_UNDECLARED_SELECTOR = YES;
				GCC_WARN_UNINITIALIZED_AUTOS = YES_AGGRESSIVE;
				GCC_WARN_UNUSED_FUNCTION = YES;
				GCC_WARN_UNUSED_VARIABLE = YES;
				IPHONEOS_DEPLOYMENT_TARGET = 11.2;
				MTL_ENABLE_DEBUG_INFO = NO;
				SDKROOT = iphoneos;
				SWIFT_OPTIMIZATION_LEVEL = "-Owholemodule";
				VALIDATE_PRODUCT = YES;
			};
			name = Release;
		};
		FAFFFEBD203D9C80009B4F96 /* Debug */ = {
			isa = XCBuildConfiguration;
			buildSettings = {
				ASSETCATALOG_COMPILER_APPICON_NAME = AppIcon;
				CODE_SIGN_IDENTITY = "iPhone Developer: Jordan Winawer (PTGTWSZY2Y)";
				CODE_SIGN_STYLE = Manual;
				DEVELOPMENT_TEAM = KX8JP4WZ3W;
				FRAMEWORK_SEARCH_PATHS = (
					"$(inherited)",
					"$(PROJECT_DIR)/Carthage/Build/iOS",
				);
				INFOPLIST_FILE = Chatalyze/Info.plist;
				IPHONEOS_DEPLOYMENT_TARGET = 11.0;
				LD_RUNPATH_SEARCH_PATHS = "$(inherited) @executable_path/Frameworks";
				PRODUCT_BUNDLE_IDENTIFIER = com.chatalyze;
				PRODUCT_NAME = "$(TARGET_NAME)";
				PROVISIONING_PROFILE = "a285176f-69eb-48ec-aa04-a7ec260f24c1";
				PROVISIONING_PROFILE_SPECIFIER = chatalyze_dev;
				SWIFT_VERSION = 4.0;
				TARGETED_DEVICE_FAMILY = "1,2";
			};
			name = Debug;
		};
		FAFFFEBE203D9C80009B4F96 /* Release */ = {
			isa = XCBuildConfiguration;
			buildSettings = {
				ASSETCATALOG_COMPILER_APPICON_NAME = AppIcon;
				CODE_SIGN_IDENTITY = "iPhone Developer: Jordan Winawer (PTGTWSZY2Y)";
				CODE_SIGN_STYLE = Manual;
				DEVELOPMENT_TEAM = KX8JP4WZ3W;
				FRAMEWORK_SEARCH_PATHS = (
					"$(inherited)",
					"$(PROJECT_DIR)/Carthage/Build/iOS",
				);
				INFOPLIST_FILE = Chatalyze/Info.plist;
				IPHONEOS_DEPLOYMENT_TARGET = 11.0;
				LD_RUNPATH_SEARCH_PATHS = "$(inherited) @executable_path/Frameworks";
				PRODUCT_BUNDLE_IDENTIFIER = com.chatalyze;
				PRODUCT_NAME = "$(TARGET_NAME)";
				PROVISIONING_PROFILE = "a285176f-69eb-48ec-aa04-a7ec260f24c1";
				PROVISIONING_PROFILE_SPECIFIER = chatalyze_dev;
				SWIFT_VERSION = 4.0;
				TARGETED_DEVICE_FAMILY = "1,2";
			};
			name = Release;
		};
		FAFFFEC0203D9C80009B4F96 /* Debug */ = {
			isa = XCBuildConfiguration;
			buildSettings = {
				ALWAYS_EMBED_SWIFT_STANDARD_LIBRARIES = YES;
				BUNDLE_LOADER = "$(TEST_HOST)";
				CODE_SIGN_STYLE = Automatic;
				DEVELOPMENT_TEAM = KX8JP4WZ3W;
				INFOPLIST_FILE = ChatalyzeTests/Info.plist;
				LD_RUNPATH_SEARCH_PATHS = "$(inherited) @executable_path/Frameworks @loader_path/Frameworks";
				PRODUCT_BUNDLE_IDENTIFIER = com.ChatalyzeTests;
				PRODUCT_NAME = "$(TARGET_NAME)";
				SWIFT_VERSION = 4.0;
				TARGETED_DEVICE_FAMILY = "1,2";
				TEST_HOST = "$(BUILT_PRODUCTS_DIR)/Chatalyze.app/Chatalyze";
			};
			name = Debug;
		};
		FAFFFEC1203D9C80009B4F96 /* Release */ = {
			isa = XCBuildConfiguration;
			buildSettings = {
				ALWAYS_EMBED_SWIFT_STANDARD_LIBRARIES = YES;
				BUNDLE_LOADER = "$(TEST_HOST)";
				CODE_SIGN_STYLE = Automatic;
				DEVELOPMENT_TEAM = KX8JP4WZ3W;
				INFOPLIST_FILE = ChatalyzeTests/Info.plist;
				LD_RUNPATH_SEARCH_PATHS = "$(inherited) @executable_path/Frameworks @loader_path/Frameworks";
				PRODUCT_BUNDLE_IDENTIFIER = com.ChatalyzeTests;
				PRODUCT_NAME = "$(TARGET_NAME)";
				SWIFT_VERSION = 4.0;
				TARGETED_DEVICE_FAMILY = "1,2";
				TEST_HOST = "$(BUILT_PRODUCTS_DIR)/Chatalyze.app/Chatalyze";
			};
			name = Release;
		};
		FAFFFEC3203D9C80009B4F96 /* Debug */ = {
			isa = XCBuildConfiguration;
			buildSettings = {
				ALWAYS_EMBED_SWIFT_STANDARD_LIBRARIES = YES;
				CODE_SIGN_STYLE = Automatic;
				DEVELOPMENT_TEAM = KX8JP4WZ3W;
				INFOPLIST_FILE = ChatalyzeUITests/Info.plist;
				LD_RUNPATH_SEARCH_PATHS = "$(inherited) @executable_path/Frameworks @loader_path/Frameworks";
				PRODUCT_BUNDLE_IDENTIFIER = com.ChatalyzeUITests;
				PRODUCT_NAME = "$(TARGET_NAME)";
				SWIFT_VERSION = 4.0;
				TARGETED_DEVICE_FAMILY = "1,2";
				TEST_TARGET_NAME = Chatalyze;
			};
			name = Debug;
		};
		FAFFFEC4203D9C80009B4F96 /* Release */ = {
			isa = XCBuildConfiguration;
			buildSettings = {
				ALWAYS_EMBED_SWIFT_STANDARD_LIBRARIES = YES;
				CODE_SIGN_STYLE = Automatic;
				DEVELOPMENT_TEAM = KX8JP4WZ3W;
				INFOPLIST_FILE = ChatalyzeUITests/Info.plist;
				LD_RUNPATH_SEARCH_PATHS = "$(inherited) @executable_path/Frameworks @loader_path/Frameworks";
				PRODUCT_BUNDLE_IDENTIFIER = com.ChatalyzeUITests;
				PRODUCT_NAME = "$(TARGET_NAME)";
				SWIFT_VERSION = 4.0;
				TARGETED_DEVICE_FAMILY = "1,2";
				TEST_TARGET_NAME = Chatalyze;
			};
			name = Release;
		};
/* End XCBuildConfiguration section */

/* Begin XCConfigurationList section */
		FAFFFE8F203D9C7F009B4F96 /* Build configuration list for PBXProject "Chatalyze" */ = {
			isa = XCConfigurationList;
			buildConfigurations = (
				FAFFFEBA203D9C80009B4F96 /* Debug */,
				FAFFFEBB203D9C80009B4F96 /* Release */,
			);
			defaultConfigurationIsVisible = 0;
			defaultConfigurationName = Release;
		};
		FAFFFEBC203D9C80009B4F96 /* Build configuration list for PBXNativeTarget "Chatalyze" */ = {
			isa = XCConfigurationList;
			buildConfigurations = (
				FAFFFEBD203D9C80009B4F96 /* Debug */,
				FAFFFEBE203D9C80009B4F96 /* Release */,
			);
			defaultConfigurationIsVisible = 0;
			defaultConfigurationName = Release;
		};
		FAFFFEBF203D9C80009B4F96 /* Build configuration list for PBXNativeTarget "ChatalyzeTests" */ = {
			isa = XCConfigurationList;
			buildConfigurations = (
				FAFFFEC0203D9C80009B4F96 /* Debug */,
				FAFFFEC1203D9C80009B4F96 /* Release */,
			);
			defaultConfigurationIsVisible = 0;
			defaultConfigurationName = Release;
		};
		FAFFFEC2203D9C80009B4F96 /* Build configuration list for PBXNativeTarget "ChatalyzeUITests" */ = {
			isa = XCConfigurationList;
			buildConfigurations = (
				FAFFFEC3203D9C80009B4F96 /* Debug */,
				FAFFFEC4203D9C80009B4F96 /* Release */,
			);
			defaultConfigurationIsVisible = 0;
			defaultConfigurationName = Release;
		};
/* End XCConfigurationList section */
	};
	rootObject = FAFFFE8C203D9C7F009B4F96 /* Project object */;
}
